
Microsoft Visual Studio Solution File, Format Version 12.00
# Visual Studio 15
VisualStudioVersion = 15.0.26124.0
MinimumVisualStudioVersion = 15.0.26124.0
Project("{2150E333-8FDC-42A3-9474-1A3956D46DE8}") = "src", "src", "{0859CBB5-A49D-4167-A777-2A185ABA75F5}"
EndProject
Project("{2150E333-8FDC-42A3-9474-1A3956D46DE8}") = "test", "test", "{7E5A7F24-A638-4D2D-8568-1206012F1A96}"
EndProject
Project("{2150E333-8FDC-42A3-9474-1A3956D46DE8}") = "build", "build", "{029B8C6C-7D1A-454E-B6CA-D4FE3862161B}"
	ProjectSection(SolutionItems) = preProject
		Dependencies.Build.props = Dependencies.Build.props
		Directory.Build.props = Directory.Build.props
	EndProjectSection
EndProject
Project("{2150E333-8FDC-42A3-9474-1A3956D46DE8}") = "src", "src", "{41462909-47AF-4F91-81D0-8EDC32A19194}"
	ProjectSection(SolutionItems) = preProject
		src\Directory.Build.props = src\Directory.Build.props
	EndProjectSection
EndProject
Project("{2150E333-8FDC-42A3-9474-1A3956D46DE8}") = "scripts", "scripts", "{59677A6D-CBD0-4225-84EE-E43BABB5C56A}"
	ProjectSection(SolutionItems) = preProject
		build\build-packages-version-override.ps1 = build\build-packages-version-override.ps1
	EndProjectSection
EndProject
Project("{2150E333-8FDC-42A3-9474-1A3956D46DE8}") = "test", "test", "{95A033E5-C1EA-4618-883C-AA6A8603092D}"
	ProjectSection(SolutionItems) = preProject
		test\Directory.Build.props = test\Directory.Build.props
	EndProjectSection
EndProject
Project("{9A19103F-16F7-4668-BE54-9A1E7A4F7556}") = "ForEvolve.Testing", "src\ForEvolve.Testing\ForEvolve.Testing.csproj", "{955BAE24-9921-4297-A4CA-AA9AC35BBA24}"
EndProject
Project("{9A19103F-16F7-4668-BE54-9A1E7A4F7556}") = "ForEvolve.Testing.Tests", "test\ForEvolve.Testing.Tests\ForEvolve.Testing.Tests.csproj", "{6821F842-90FD-47E7-ACCB-5688130C2BA3}"
EndProject
Project("{9A19103F-16F7-4668-BE54-9A1E7A4F7556}") = "ForEvolve.Testing.AspNetCore", "src\ForEvolve.Testing.AspNetCore\ForEvolve.Testing.AspNetCore.csproj", "{E4798E03-4ACF-4F06-AEBA-00D997961CCA}"
EndProject
Project("{9A19103F-16F7-4668-BE54-9A1E7A4F7556}") = "ForEvolve.Testing.AspNetCore.Tests", "test\ForEvolve.Testing.AspNetCore.Tests\ForEvolve.Testing.AspNetCore.Tests.csproj", "{4E3341F5-1BDF-424C-81A9-CBB03E52B116}"
EndProject
Global
	GlobalSection(SolutionConfigurationPlatforms) = preSolution
		Debug|Any CPU = Debug|Any CPU
		Debug|x64 = Debug|x64
		Debug|x86 = Debug|x86
		Release|Any CPU = Release|Any CPU
		Release|x64 = Release|x64
		Release|x86 = Release|x86
	EndGlobalSection
	GlobalSection(ProjectConfigurationPlatforms) = postSolution
		{955BAE24-9921-4297-A4CA-AA9AC35BBA24}.Debug|Any CPU.ActiveCfg = Debug|Any CPU
		{955BAE24-9921-4297-A4CA-AA9AC35BBA24}.Debug|Any CPU.Build.0 = Debug|Any CPU
		{955BAE24-9921-4297-A4CA-AA9AC35BBA24}.Debug|x64.ActiveCfg = Debug|Any CPU
		{955BAE24-9921-4297-A4CA-AA9AC35BBA24}.Debug|x64.Build.0 = Debug|Any CPU
		{955BAE24-9921-4297-A4CA-AA9AC35BBA24}.Debug|x86.ActiveCfg = Debug|Any CPU
		{955BAE24-9921-4297-A4CA-AA9AC35BBA24}.Debug|x86.Build.0 = Debug|Any CPU
		{955BAE24-9921-4297-A4CA-AA9AC35BBA24}.Release|Any CPU.ActiveCfg = Release|Any CPU
		{955BAE24-9921-4297-A4CA-AA9AC35BBA24}.Release|Any CPU.Build.0 = Release|Any CPU
		{955BAE24-9921-4297-A4CA-AA9AC35BBA24}.Release|x64.ActiveCfg = Release|Any CPU
		{955BAE24-9921-4297-A4CA-AA9AC35BBA24}.Release|x64.Build.0 = Release|Any CPU
		{955BAE24-9921-4297-A4CA-AA9AC35BBA24}.Release|x86.ActiveCfg = Release|Any CPU
		{955BAE24-9921-4297-A4CA-AA9AC35BBA24}.Release|x86.Build.0 = Release|Any CPU
		{6821F842-90FD-47E7-ACCB-5688130C2BA3}.Debug|Any CPU.ActiveCfg = Debug|Any CPU
		{6821F842-90FD-47E7-ACCB-5688130C2BA3}.Debug|Any CPU.Build.0 = Debug|Any CPU
		{6821F842-90FD-47E7-ACCB-5688130C2BA3}.Debug|x64.ActiveCfg = Debug|Any CPU
		{6821F842-90FD-47E7-ACCB-5688130C2BA3}.Debug|x64.Build.0 = Debug|Any CPU
		{6821F842-90FD-47E7-ACCB-5688130C2BA3}.Debug|x86.ActiveCfg = Debug|Any CPU
		{6821F842-90FD-47E7-ACCB-5688130C2BA3}.Debug|x86.Build.0 = Debug|Any CPU
		{6821F842-90FD-47E7-ACCB-5688130C2BA3}.Release|Any CPU.ActiveCfg = Release|Any CPU
		{6821F842-90FD-47E7-ACCB-5688130C2BA3}.Release|Any CPU.Build.0 = Release|Any CPU
		{6821F842-90FD-47E7-ACCB-5688130C2BA3}.Release|x64.ActiveCfg = Release|Any CPU
		{6821F842-90FD-47E7-ACCB-5688130C2BA3}.Release|x64.Build.0 = Release|Any CPU
		{6821F842-90FD-47E7-ACCB-5688130C2BA3}.Release|x86.ActiveCfg = Release|Any CPU
		{6821F842-90FD-47E7-ACCB-5688130C2BA3}.Release|x86.Build.0 = Release|Any CPU
		{E4798E03-4ACF-4F06-AEBA-00D997961CCA}.Debug|Any CPU.ActiveCfg = Debug|Any CPU
		{E4798E03-4ACF-4F06-AEBA-00D997961CCA}.Debug|Any CPU.Build.0 = Debug|Any CPU
		{E4798E03-4ACF-4F06-AEBA-00D997961CCA}.Debug|x64.ActiveCfg = Debug|Any CPU
		{E4798E03-4ACF-4F06-AEBA-00D997961CCA}.Debug|x64.Build.0 = Debug|Any CPU
		{E4798E03-4ACF-4F06-AEBA-00D997961CCA}.Debug|x86.ActiveCfg = Debug|Any CPU
		{E4798E03-4ACF-4F06-AEBA-00D997961CCA}.Debug|x86.Build.0 = Debug|Any CPU
		{E4798E03-4ACF-4F06-AEBA-00D997961CCA}.Release|Any CPU.ActiveCfg = Release|Any CPU
		{E4798E03-4ACF-4F06-AEBA-00D997961CCA}.Release|Any CPU.Build.0 = Release|Any CPU
		{E4798E03-4ACF-4F06-AEBA-00D997961CCA}.Release|x64.ActiveCfg = Release|Any CPU
		{E4798E03-4ACF-4F06-AEBA-00D997961CCA}.Release|x64.Build.0 = Release|Any CPU
		{E4798E03-4ACF-4F06-AEBA-00D997961CCA}.Release|x86.ActiveCfg = Release|Any CPU
		{E4798E03-4ACF-4F06-AEBA-00D997961CCA}.Release|x86.Build.0 = Release|Any CPU
		{4E3341F5-1BDF-424C-81A9-CBB03E52B116}.Debug|Any CPU.ActiveCfg = Debug|Any CPU
		{4E3341F5-1BDF-424C-81A9-CBB03E52B116}.Debug|Any CPU.Build.0 = Debug|Any CPU
		{4E3341F5-1BDF-424C-81A9-CBB03E52B116}.Debug|x64.ActiveCfg = Debug|Any CPU
		{4E3341F5-1BDF-424C-81A9-CBB03E52B116}.Debug|x64.Build.0 = Debug|Any CPU
		{4E3341F5-1BDF-424C-81A9-CBB03E52B116}.Debug|x86.ActiveCfg = Debug|Any CPU
		{4E3341F5-1BDF-424C-81A9-CBB03E52B116}.Debug|x86.Build.0 = Debug|Any CPU
		{4E3341F5-1BDF-424C-81A9-CBB03E52B116}.Release|Any CPU.ActiveCfg = Release|Any CPU
		{4E3341F5-1BDF-424C-81A9-CBB03E52B116}.Release|Any CPU.Build.0 = Release|Any CPU
		{4E3341F5-1BDF-424C-81A9-CBB03E52B116}.Release|x64.ActiveCfg = Release|Any CPU
		{4E3341F5-1BDF-424C-81A9-CBB03E52B116}.Release|x64.Build.0 = Release|Any CPU
		{4E3341F5-1BDF-424C-81A9-CBB03E52B116}.Release|x86.ActiveCfg = Release|Any CPU
		{4E3341F5-1BDF-424C-81A9-CBB03E52B116}.Release|x86.Build.0 = Release|Any CPU
	EndGlobalSection
	GlobalSection(SolutionProperties) = preSolution
		HideSolutionNode = FALSE
	EndGlobalSection
	GlobalSection(NestedProjects) = preSolution
		{41462909-47AF-4F91-81D0-8EDC32A19194} = {029B8C6C-7D1A-454E-B6CA-D4FE3862161B}
		{59677A6D-CBD0-4225-84EE-E43BABB5C56A} = {029B8C6C-7D1A-454E-B6CA-D4FE3862161B}
		{95A033E5-C1EA-4618-883C-AA6A8603092D} = {029B8C6C-7D1A-454E-B6CA-D4FE3862161B}
		{955BAE24-9921-4297-A4CA-AA9AC35BBA24} = {0859CBB5-A49D-4167-A777-2A185ABA75F5}
		{6821F842-90FD-47E7-ACCB-5688130C2BA3} = {7E5A7F24-A638-4D2D-8568-1206012F1A96}
		{E4798E03-4ACF-4F06-AEBA-00D997961CCA} = {0859CBB5-A49D-4167-A777-2A185ABA75F5}
		{4E3341F5-1BDF-424C-81A9-CBB03E52B116} = {7E5A7F24-A638-4D2D-8568-1206012F1A96}
	EndGlobalSection
	GlobalSection(ExtensibilityGlobals) = postSolution
		SolutionGuid = {E14726D6-C79A-49B5-BC51-C7BFAAA30A96}
	EndGlobalSection
EndGlobal
